github.com/tomobossi/keynput v1.0.3 h1:38Yagk9cpXFpuaQE+0fv5WEVszICiHIRbkIYMuFXpAo=
github.com/tomobossi/keynput v1.0.3/go.mod h1:IvuFwC4Rl/qwH/8yjp5Po7qj+aW1GvqxVEA490891Wg=
github.com/tomobossi/kyev v1.0.6 h1:VxpYD6pBhkMh2q0PvlbQdsfkLoZz2/1fvBUcosoKgdE=
github.com/tomobossi/kyev v1.0.6/go.mod h1:uWbx44xMlNiaBh1v2K5N0feKcTL1+WsV1J6IEBzw7Fc=
