github.com/tomobossi/keynput v1.0.1 h1:voLwZ34qv7Bq2YxGjbpbrJcZTGfGj2byYo1tmadbJ2Y=
github.com/tomobossi/keynput v1.0.1/go.mod h1:P8HZjOKQQzQalTmw4o8jaVtDf2z+mLWp2BAm6EmsmUk=
github.com/tomobossi/kyev v1.0.4 h1:XXUyXozpz9eJ20ysNlxT0KLmpHTiPJSlJuYaQVxhYag=
github.com/tomobossi/kyev v1.0.4/go.mod h1:dN4URMj7SeO/E4VBlajmSfxyt4h/7eL1GvOUyHGQyuQ=
