github.com/bendahl/uinput v1.7.0 h1:nA4fm8Wu8UYNOPykIZm66nkWEyvxzfmJ8YC02PM40jg=
github.com/bendahl/uinput v1.7.0/go.mod h1:Np7w3DINc9wB83p12fTAM3DPPhFnAKP0WTXRqCQJ6Z8=
github.com/tomobossi/kyev v1.0.1 h1:sSwfIy0cFO0yNajmcxVhDFTn0HCqCnIUL1ZmArcDQY4=
github.com/tomobossi/kyev v1.0.1/go.mod h1:dN4URMj7SeO/E4VBlajmSfxyt4h/7eL1GvOUyHGQyuQ=
